// !$*UTF8*$!
{
	archiveVersion = 1;
	classes = {
	};
	objectVersion = 46;
	objects = {

/* Begin PBXBuildFile section */
		F8BAEB951D8D970700DC9DA9 /* AppDelegate.swift in Sources */ = {isa = PBXBuildFile; fileRef = F8BAEB941D8D970700DC9DA9 /* AppDelegate.swift */; };
		F8BAEB971D8D970700DC9DA9 /* ViewController.swift in Sources */ = {isa = PBXBuildFile; fileRef = F8BAEB961D8D970700DC9DA9 /* ViewController.swift */; };
		F8BAEB9A1D8D970700DC9DA9 /* Main.storyboard in Resources */ = {isa = PBXBuildFile; fileRef = F8BAEB981D8D970700DC9DA9 /* Main.storyboard */; };
		F8BAEB9C1D8D970700DC9DA9 /* Assets.xcassets in Resources */ = {isa = PBXBuildFile; fileRef = F8BAEB9B1D8D970700DC9DA9 /* Assets.xcassets */; };
		F8BAEB9F1D8D970700DC9DA9 /* LaunchScreen.storyboard in Resources */ = {isa = PBXBuildFile; fileRef = F8BAEB9D1D8D970700DC9DA9 /* LaunchScreen.storyboard */; };
/* End PBXBuildFile section */

/* Begin PBXFileReference section */
		F8BAEB911D8D970700DC9DA9 /* Pokedex.app */ = {isa = PBXFileReference; explicitFileType = wrapper.application; includeInIndex = 0; path = Pokedex.app; sourceTree = BUILT_PRODUCTS_DIR; };
		F8BAEB941D8D970700DC9DA9 /* AppDelegate.swift */ = {isa = PBXFileReference; lastKnownFileType = sourcecode.swift; path = AppDelegate.swift; sourceTree = "<group>"; };
		F8BAEB961D8D970700DC9DA9 /* ViewController.swift */ = {isa = PBXFileReference; lastKnownFileType = sourcecode.swift; path = ViewController.swift; sourceTree = "<group>"; };
		F8BAEB991D8D970700DC9DA9 /* Base */ = {isa = PBXFileReference; lastKnownFileType = file.storyboard; name = Base; path = Base.lproj/Main.storyboard; sourceTree = "<group>"; };
		F8BAEB9B1D8D970700DC9DA9 /* Assets.xcassets */ = {isa = PBXFileReference; lastKnownFileType = folder.assetcatalog; path = Assets.xcassets; sourceTree = "<group>"; };
		F8BAEB9E1D8D970700DC9DA9 /* Base */ = {isa = PBXFileReference; lastKnownFileType = file.storyboard; name = Base; path = Base.lproj/LaunchScreen.storyboard; sourceTree = "<group>"; };
		F8BAEBA01D8D970700DC9DA9 /* Info.plist */ = {isa = PBXFileReference; lastKnownFileType = text.plist.xml; path = Info.plist; sourceTree = "<group>"; };
/* End PBXFileReference section */

/* Begin PBXFrameworksBuildPhase section */
		F8BAEB8E1D8D970700DC9DA9 /* Frameworks */ = {
			isa = PBXFrameworksBuildPhase;
			buildActionMask = 2147483647;
			files = (
			);
			runOnlyForDeploymentPostprocessing = 0;
		};
/* End PBXFrameworksBuildPhase section */

/* Begin PBXGroup section */
		F8BAEB881D8D970700DC9DA9 = {
			isa = PBXGroup;
			children = (
				F8BAEB931D8D970700DC9DA9 /* Pokedex */,
				F8BAEB921D8D970700DC9DA9 /* Products */,
			);
			sourceTree = "<group>";
		};
		F8BAEB921D8D970700DC9DA9 /* Products */ = {
			isa = PBXGroup;
			children = (
				F8BAEB911D8D970700DC9DA9 /* Pokedex.app */,
			);
			name = Products;
			sourceTree = "<group>";
		};
		F8BAEB931D8D970700DC9DA9 /* Pokedex */ = {
			isa = PBXGroup;
			children = (
				F8BAEB941D8D970700DC9DA9 /* AppDelegate.swift */,
				F8BAEB961D8D970700DC9DA9 /* ViewController.swift */,
				F8BAEB981D8D970700DC9DA9 /* Main.storyboard */,
				F8BAEB9B1D8D970700DC9DA9 /* Assets.xcassets */,
				F8BAEB9D1D8D970700DC9DA9 /* LaunchScreen.storyboard */,
				F8BAEBA01D8D970700DC9DA9 /* Info.plist */,
			);
			path = Pokedex;
			sourceTree = "<group>";
		};
/* End PBXGroup section */

/* Begin PBXNativeTarget section */
		F8BAEB901D8D970700DC9DA9 /* Pokedex */ = {
			isa = PBXNativeTarget;
			buildConfigurationList = F8BAEBA31D8D970700DC9DA9 /* Build configuration list for PBXNativeTarget "Pokedex" */;
			buildPhases = (
				F8BAEB8D1D8D970700DC9DA9 /* Sources */,
				F8BAEB8E1D8D970700DC9DA9 /* Frameworks */,
				F8BAEB8F1D8D970700DC9DA9 /* Resources */,
			);
			buildRules = (
			);
			dependencies = (
			);
			name = Pokedex;
			productName = Pokedex;
			productReference = F8BAEB911D8D970700DC9DA9 /* Pokedex.app */;
			productType = "com.apple.product-type.application";
		};
/* End PBXNativeTarget section */

/* Begin PBXProject section */
		F8BAEB891D8D970700DC9DA9 /* Project object */ = {
			isa = PBXProject;
			attributes = {
				LastSwiftUpdateCheck = 0800;
				LastUpgradeCheck = 0800;
				ORGANIZATIONNAME = "Connor Ashton";
				TargetAttributes = {
					F8BAEB901D8D970700DC9DA9 = {
						CreatedOnToolsVersion = 8.0;
						DevelopmentTeam = 479B5AUYC7;
						ProvisioningStyle = Automatic;
					};
				};
			};
			buildConfigurationList = F8BAEB8C1D8D970700DC9DA9 /* Build configuration list for PBXProject "Pokedex" */;
			compatibilityVersion = "Xcode 3.2";
			developmentRegion = English;
			hasScannedForEncodings = 0;
			knownRegions = (
				en,
				Base,
			);
			mainGroup = F8BAEB881D8D970700DC9DA9;
			productRefGroup = F8BAEB921D8D970700DC9DA9 /* Products */;
			projectDirPath = "";
			projectRoot = "";
			targets = (
				F8BAEB901D8D970700DC9DA9 /* Pokedex */,
			);
		};
/* End PBXProject section */

/* Begin PBXResourcesBuildPhase section */
		F8BAEB8F1D8D970700DC9DA9 /* Resources */ = {
			isa = PBXResourcesBuildPhase;
			buildActionMask = 2147483647;
			files = (
				F8BAEB9F1D8D970700DC9DA9 /* LaunchScreen.storyboard in Resources */,
				F8BAEB9C1D8D970700DC9DA9 /* Assets.xcassets in Resources */,
				F8BAEB9A1D8D970700DC9DA9 /* Main.storyboard in Resources */,
			);
			runOnlyForDeploymentPostprocessing = 0;
		};
/* End PBXResourcesBuildPhase section */

/* Begin PBXSourcesBuildPhase section */
		F8BAEB8D1D8D970700DC9DA9 /* Sources */ = {
			isa = PBXSourcesBuildPhase;
			buildActionMask = 2147483647;
			files = (
				F8BAEB971D8D970700DC9DA9 /* ViewController.swift in Sources */,
				F8BAEB951D8D970700DC9DA9 /* AppDelegate.swift in Sources */,
			);
			runOnlyForDeploymentPostprocessing = 0;
		};
/* End PBXSourcesBuildPhase section */

/* Begin PBXVariantGroup section */
		F8BAEB981D8D970700DC9DA9 /* Main.storyboard */ = {
			isa = PBXVariantGroup;
			children = (
				F8BAEB991D8D970700DC9DA9 /* Base */,
			);
			name = Main.storyboard;
			sourceTree = "<group>";
		};
		F8BAEB9D1D8D970700DC9DA9 /* LaunchScreen.storyboard */ = {
			isa = PBXVariantGroup;
			children = (
				F8BAEB9E1D8D970700DC9DA9 /* Base */,
			);
			name = LaunchScreen.storyboard;
			sourceTree = "<group>";
		};
/* End PBXVariantGroup section */

/* Begin XCBuildConfiguration section */
		F8BAEBA11D8D970700DC9DA9 /* Debug */ = {
			isa = XCBuildConfiguration;
			buildSettings = {
				ALWAYS_SEARCH_USER_PATHS = NO;
				CLANG_ANALYZER_NONNULL = YES;
				CLANG_CXX_LANGUAGE_STANDARD = "gnu++0x";
				CLANG_CXX_LIBRARY = "libc++";
				CLANG_ENABLE_MODULES = YES;
				CLANG_ENABLE_OBJC_ARC = YES;
				CLANG_WARN_BOOL_CONVERSION = YES;
				CLANG_WARN_CONSTANT_CONVERSION = YES;
				CLANG_WARN_DIRECT_OBJC_ISA_USAGE = YES_ERROR;
				CLANG_WARN_DOCUMENTATION_COMMENTS = YES;
				CLANG_WARN_EMPTY_BODY = YES;
				CLANG_WARN_ENUM_CONVERSION = YES;
				CLANG_WARN_INFINITE_RECURSION = YES;
				CLANG_WARN_INT_CONVERSION = YES;
				CLANG_WARN_OBJC_ROOT_CLASS = YES_ERROR;
				CLANG_WARN_SUSPICIOUS_MOVES = YES;
				CLANG_WARN_UNREACHABLE_CODE = YES;
				CLANG_WARN__DUPLICATE_METHOD_MATCH = YES;
				"CODE_SIGN_IDENTITY[sdk=iphoneos*]" = "iPhone Developer";
				COPY_PHASE_STRIP = NO;
				DEBUG_INFORMATION_FORMAT = dwarf;
				ENABLE_STRICT_OBJC_MSGSEND = YES;
				ENABLE_TESTABILITY = YES;
				GCC_C_LANGUAGE_STANDARD = gnu99;
				GCC_DYNAMIC_NO_PIC = NO;
				GCC_NO_COMMON_BLOCKS = YES;
				GCC_OPTIMIZATION_LEVEL = 0;
				GCC_PREPROCESSOR_DEFINITIONS = (
					"DEBUG=1",
					"$(inherited)",
				);
				GCC_WARN_64_TO_32_BIT_CONVERSION = YES;
				GCC_WARN_ABOUT_RETURN_TYPE = YES_ERROR;
				GCC_WARN_UNDECLARED_SELECTOR = YES;
				GCC_WARN_UNINITIALIZED_AUTOS = YES_AGGRESSIVE;
				GCC_WARN_UNUSED_FUNCTION = YES;
				GCC_WARN_UNUSED_VARIABLE = YES;
				IPHONEOS_DEPLOYMENT_TARGET = 10.0;
				MTL_ENABLE_DEBUG_INFO = YES;
				ONLY_ACTIVE_ARCH = YES;
				SDKROOT = iphoneos;
				SWIFT_ACTIVE_COMPILATION_CONDITIONS = DEBUG;
				SWIFT_OPTIMIZATION_LEVEL = "-Onone";
				TARGETED_DEVICE_FAMILY = "1,2";
			};
			name = Debug;
		};
		F8BAEBA21D8D970700DC9DA9 /* Release */ = {
			isa = XCBuildConfiguration;
			buildSettings = {
				ALWAYS_SEARCH_USER_PATHS = NO;
				CLANG_ANALYZER_NONNULL = YES;
				CLANG_CXX_LANGUAGE_STANDARD = "gnu++0x";
				CLANG_CXX_LIBRARY = "libc++";
				CLANG_ENABLE_MODULES = YES;
				CLANG_ENABLE_OBJC_ARC = YES;
				CLANG_WARN_BOOL_CONVERSION = YES;
				CLANG_WARN_CONSTANT_CONVERSION = YES;
				CLANG_WARN_DIRECT_OBJC_ISA_USAGE = YES_ERROR;
				CLANG_WARN_DOCUMENTATION_COMMENTS = YES;
				CLANG_WARN_EMPTY_BODY = YES;
				CLANG_WARN_ENUM_CONVERSION = YES;
				CLANG_WARN_INFINITE_RECURSION = YES;
				CLANG_WARN_INT_CONVERSION = YES;
				CLANG_WARN_OBJC_ROOT_CLASS = YES_ERROR;
				CLANG_WARN_SUSPICIOUS_MOVES = YES;
				CLANG_WARN_UNREACHABLE_CODE = YES;
				CLANG_WARN__DUPLICATE_METHOD_MATCH = YES;
				"CODE_SIGN_IDENTITY[sdk=iphoneos*]" = "iPhone Developer";
				COPY_PHASE_STRIP = NO;
				DEBUG_INFORMATION_FORMAT = "dwarf-with-dsym";
				ENABLE_NS_ASSERTIONS = NO;
				ENABLE_STRICT_OBJC_MSGSEND = YES;
				GCC_C_LANGUAGE_STANDARD = gnu99;
				GCC_NO_COMMON_BLOCKS = YES;
				GCC_WARN_64_TO_32_BIT_CONVERSION = YES;
				GCC_WARN_ABOUT_RETURN_TYPE = YES_ERROR;
				GCC_WARN_UNDECLARED_SELECTOR = YES;
				GCC_WARN_UNINITIALIZED_AUTOS = YES_AGGRESSIVE;
				GCC_WARN_UNUSED_FUNCTION = YES;
				GCC_WARN_UNUSED_VARIABLE = YES;
				IPHONEOS_DEPLOYMENT_TARGET = 10.0;
				MTL_ENABLE_DEBUG_INFO = NO;
				SDKROOT = iphoneos;
				SWIFT_OPTIMIZATION_LEVEL = "-Owholemodule";
				TARGETED_DEVICE_FAMILY = "1,2";
				VALIDATE_PRODUCT = YES;
			};
			name = Release;
		};
		F8BAEBA41D8D970700DC9DA9 /* Debug */ = {
			isa = XCBuildConfiguration;
			buildSettings = {
				ASSETCATALOG_COMPILER_APPICON_NAME = AppIcon;
				DEVELOPMENT_TEAM = 479B5AUYC7;
				INFOPLIST_FILE = Pokedex/Info.plist;
				LD_RUNPATH_SEARCH_PATHS = "$(inherited) @executable_path/Frameworks";
				PRODUCT_BUNDLE_IDENTIFIER = com.myproject.Pokedex;
				PRODUCT_NAME = "$(TARGET_NAME)";
				SWIFT_VERSION = 3.0;
			};
			name = Debug;
		};
		F8BAEBA51D8D970700DC9DA9 /* Release */ = {
			isa = XCBuildConfiguration;
			buildSettings = {
				ASSETCATALOG_COMPILER_APPICON_NAME = AppIcon;
				DEVELOPMENT_TEAM = 479B5AUYC7;
				INFOPLIST_FILE = Pokedex/Info.plist;
				LD_RUNPATH_SEARCH_PATHS = "$(inherited) @executable_path/Frameworks";
				PRODUCT_BUNDLE_IDENTIFIER = com.myproject.Pokedex;
				PRODUCT_NAME = "$(TARGET_NAME)";
				SWIFT_VERSION = 3.0;
			};
			name = Release;
		};
/* End XCBuildConfiguration section */

/* Begin XCConfigurationList section */
		F8BAEB8C1D8D970700DC9DA9 /* Build configuration list for PBXProject "Pokedex" */ = {
			isa = XCConfigurationList;
			buildConfigurations = (
				F8BAEBA11D8D970700DC9DA9 /* Debug */,
				F8BAEBA21D8D970700DC9DA9 /* Release */,
			);
			defaultConfigurationIsVisible = 0;
			defaultConfigurationName = Release;
		};
		F8BAEBA31D8D970700DC9DA9 /* Build configuration list for PBXNativeTarget "Pokedex" */ = {
			isa = XCConfigurationList;
			buildConfigurations = (
				F8BAEBA41D8D970700DC9DA9 /* Debug */,
				F8BAEBA51D8D970700DC9DA9 /* Release */,
			);
			defaultConfigurationIsVisible = 0;
		};
/* End XCConfigurationList section */
	};
	rootObject = F8BAEB891D8D970700DC9DA9 /* Project object */;
}
